
Microsoft Visual Studio Solution File, Format Version 12.00
# Visual Studio Version 17
VisualStudioVersion = 17.3.32901.215
MinimumVisualStudioVersion = 10.0.40219.1
Project("{8BC9CEB8-8B4A-11D0-8D11-00A0C91BC942}") = "Polynomail Calculator2.1", "Polynomail Calculator2.1\Polynomail Calculator2.1.vcxproj", "{C59ED384-B991-4AD8-B15B-B829397972FE}"
EndProject
Global
	GlobalSection(SolutionConfigurationPlatforms) = preSolution
		Debug|x64 = Debug|x64
		Debug|x86 = Debug|x86
		Release|x64 = Release|x64
		Release|x86 = Release|x86
	EndGlobalSection
	GlobalSection(ProjectConfigurationPlatforms) = postSolution
		{C59ED384-B991-4AD8-B15B-B829397972FE}.Debug|x64.ActiveCfg = Debug|x64
		{C59ED384-B991-4AD8-B15B-B829397972FE}.Debug|x64.Build.0 = Debug|x64
		{C59ED384-B991-4AD8-B15B-B829397972FE}.Debug|x86.ActiveCfg = Debug|Win32
		{C59ED384-B991-4AD8-B15B-B829397972FE}.Debug|x86.Build.0 = Debug|Win32
		{C59ED384-B991-4AD8-B15B-B829397972FE}.Release|x64.ActiveCfg = Release|x64
		{C59ED384-B991-4AD8-B15B-B829397972FE}.Release|x64.Build.0 = Release|x64
		{C59ED384-B991-4AD8-B15B-B829397972FE}.Release|x86.ActiveCfg = Release|Win32
		{C59ED384-B991-4AD8-B15B-B829397972FE}.Release|x86.Build.0 = Release|Win32
	EndGlobalSection
	GlobalSection(SolutionProperties) = preSolution
		HideSolutionNode = FALSE
	EndGlobalSection
	GlobalSection(ExtensibilityGlobals) = postSolution
		SolutionGuid = {489CA13E-6983-4400-9536-048CA07BA2EF}
	EndGlobalSection
EndGlobal
